
Microsoft Visual Studio Solution File, Format Version 12.00
# Visual Studio Version 17
VisualStudioVersion = 17.2.32616.157
MinimumVisualStudioVersion = 10.0.40219.1
Project("{8BC9CEB8-8B4A-11D0-8D11-00A0C91BC942}") = "220704cstudy01", "220704cstudy01\220704cstudy01.vcxproj", "{9079C7BE-C4EC-4D68-9368-877FFF0F56EE}"
EndProject
Global
	GlobalSection(SolutionConfigurationPlatforms) = preSolution
		Debug|x64 = Debug|x64
		Debug|x86 = Debug|x86
		Release|x64 = Release|x64
		Release|x86 = Release|x86
	EndGlobalSection
	GlobalSection(ProjectConfigurationPlatforms) = postSolution
		{9079C7BE-C4EC-4D68-9368-877FFF0F56EE}.Debug|x64.ActiveCfg = Debug|x64
		{9079C7BE-C4EC-4D68-9368-877FFF0F56EE}.Debug|x64.Build.0 = Debug|x64
		{9079C7BE-C4EC-4D68-9368-877FFF0F56EE}.Debug|x86.ActiveCfg = Debug|Win32
		{9079C7BE-C4EC-4D68-9368-877FFF0F56EE}.Debug|x86.Build.0 = Debug|Win32
		{9079C7BE-C4EC-4D68-9368-877FFF0F56EE}.Release|x64.ActiveCfg = Release|x64
		{9079C7BE-C4EC-4D68-9368-877FFF0F56EE}.Release|x64.Build.0 = Release|x64
		{9079C7BE-C4EC-4D68-9368-877FFF0F56EE}.Release|x86.ActiveCfg = Release|Win32
		{9079C7BE-C4EC-4D68-9368-877FFF0F56EE}.Release|x86.Build.0 = Release|Win32
	EndGlobalSection
	GlobalSection(SolutionProperties) = preSolution
		HideSolutionNode = FALSE
	EndGlobalSection
	GlobalSection(ExtensibilityGlobals) = postSolution
		SolutionGuid = {2E795E63-E0F9-41E3-BC61-5E3C836E0D3A}
	EndGlobalSection
EndGlobal
